Microsoft Visual Studio Solution File, Format Version 12.00
# Visual Studio Version 16
VisualStudioVersion = 16.0.30503.244
MinimumVisualStudioVersion = 10.0.40219.1
Project("{9A19103F-16F7-4668-BE54-9A1E7A4F7556}") = "ForSale.WebbApp", "ForSale.WebbApp\ForSale.WebbApp.csproj", "{4517B4CA-7099-468E-B56D-9E20E79126DB}"
EndProject
Project("{9A19103F-16F7-4668-BE54-9A1E7A4F7556}") = "ForSale.XamarinApp", "ForSale.XamarinApp\ForSale.XamarinApp\ForSale.XamarinApp.csproj", "{23BBC45B-8AB4-4ABA-8D22-6C42B9B4462D}"
EndProject
Project("{FAE04EC0-301F-11D3-BF4B-00C04F79EFBC}") = "ForSale.XamarinApp.Android", "ForSale.XamarinApp\ForSale.XamarinApp.Android\ForSale.XamarinApp.Android.csproj", "{6104DF71-9413-421E-852E-043A73BC89C1}"
EndProject
Project("{FAE04EC0-301F-11D3-BF4B-00C04F79EFBC}") = "ForSale.XamarinApp.iOS", "ForSale.XamarinApp\ForSale.XamarinApp.iOS\ForSale.XamarinApp.iOS.csproj", "{726A2E3D-3A5B-47B1-ABB2-35D7FC835603}"
EndProject
Project("{FAE04EC0-301F-11D3-BF4B-00C04F79EFBC}") = "ForSale.ComunDll", "ForSale.ComunDll\ForSale.ComunDll.csproj", "{92627F0D-3321-4358-B380-490964877319}"
EndProject
Global
	GlobalSection(SolutionConfigurationPlatforms) = preSolution
		Ad-Hoc|Any CPU = Ad-Hoc|Any CPU
		Ad-Hoc|iPhone = Ad-Hoc|iPhone
		Ad-Hoc|iPhoneSimulator = Ad-Hoc|iPhoneSimulator
		AppStore|Any CPU = AppStore|Any CPU
		AppStore|iPhone = AppStore|iPhone
		AppStore|iPhoneSimulator = AppStore|iPhoneSimulator
		Debug|Any CPU = Debug|Any CPU
		Debug|iPhone = Debug|iPhone
		Debug|iPhoneSimulator = Debug|iPhoneSimulator
		Release|Any CPU = Release|Any CPU
		Release|iPhone = Release|iPhone
		Release|iPhoneSimulator = Release|iPhoneSimulator
	EndGlobalSection
	GlobalSection(ProjectConfigurationPlatforms) = postSolution
		{4517B4CA-7099-468E-B56D-9E20E79126DB}.Ad-Hoc|Any CPU.ActiveCfg = Release|Any CPU
		{4517B4CA-7099-468E-B56D-9E20E79126DB}.Ad-Hoc|Any CPU.Build.0 = Release|Any CPU
		{4517B4CA-7099-468E-B56D-9E20E79126DB}.Ad-Hoc|iPhone.ActiveCfg = Debug|Any CPU
		{4517B4CA-7099-468E-B56D-9E20E79126DB}.Ad-Hoc|iPhone.Build.0 = Debug|Any CPU
		{4517B4CA-7099-468E-B56D-9E20E79126DB}.Ad-Hoc|iPhoneSimulator.ActiveCfg = Release|Any CPU
		{4517B4CA-7099-468E-B56D-9E20E79126DB}.Ad-Hoc|iPhoneSimulator.Build.0 = Release|Any CPU
		{4517B4CA-7099-468E-B56D-9E20E79126DB}.AppStore|Any CPU.ActiveCfg = Release|Any CPU
		{4517B4CA-7099-468E-B56D-9E20E79126DB}.AppStore|Any CPU.Build.0 = Release|Any CPU
		{4517B4CA-7099-468E-B56D-9E20E79126DB}.AppStore|iPhone.ActiveCfg = Debug|Any CPU
		{4517B4CA-7099-468E-B56D-9E20E79126DB}.AppStore|iPhone.Build.0 = Debug|Any CPU
		{4517B4CA-7099-468E-B56D-9E20E79126DB}.AppStore|iPhoneSimulator.ActiveCfg = Release|Any CPU
		{4517B4CA-7099-468E-B56D-9E20E79126DB}.AppStore|iPhoneSimulator.Build.0 = Release|Any CPU
		{4517B4CA-7099-468E-B56D-9E20E79126DB}.Debug|Any CPU.ActiveCfg = Release|Any CPU
		{4517B4CA-7099-468E-B56D-9E20E79126DB}.Debug|Any CPU.Build.0 = Release|Any CPU
		{4517B4CA-7099-468E-B56D-9E20E79126DB}.Debug|iPhone.ActiveCfg = Debug|Any CPU
		{4517B4CA-7099-468E-B56D-9E20E79126DB}.Debug|iPhone.Build.0 = Debug|Any CPU
		{4517B4CA-7099-468E-B56D-9E20E79126DB}.Debug|iPhoneSimulator.ActiveCfg = Debug|Any CPU
		{4517B4CA-7099-468E-B56D-9E20E79126DB}.Debug|iPhoneSimulator.Build.0 = Debug|Any CPU
		{4517B4CA-7099-468E-B56D-9E20E79126DB}.Release|Any CPU.ActiveCfg = Release|Any CPU
		{4517B4CA-7099-468E-B56D-9E20E79126DB}.Release|Any CPU.Build.0 = Release|Any CPU
		{4517B4CA-7099-468E-B56D-9E20E79126DB}.Release|iPhone.ActiveCfg = Release|Any CPU
		{4517B4CA-7099-468E-B56D-9E20E79126DB}.Release|iPhone.Build.0 = Release|Any CPU
		{4517B4CA-7099-468E-B56D-9E20E79126DB}.Release|iPhoneSimulator.ActiveCfg = Release|Any CPU
		{4517B4CA-7099-468E-B56D-9E20E79126DB}.Release|iPhoneSimulator.Build.0 = Release|Any CPU
		{23BBC45B-8AB4-4ABA-8D22-6C42B9B4462D}.Ad-Hoc|Any CPU.ActiveCfg = Release|Any CPU
		{23BBC45B-8AB4-4ABA-8D22-6C42B9B4462D}.Ad-Hoc|Any CPU.Build.0 = Release|Any CPU
		{23BBC45B-8AB4-4ABA-8D22-6C42B9B4462D}.Ad-Hoc|iPhone.ActiveCfg = Release|Any CPU
		{23BBC45B-8AB4-4ABA-8D22-6C42B9B4462D}.Ad-Hoc|iPhone.Build.0 = Release|Any CPU
		{23BBC45B-8AB4-4ABA-8D22-6C42B9B4462D}.Ad-Hoc|iPhoneSimulator.ActiveCfg = Release|Any CPU
		{23BBC45B-8AB4-4ABA-8D22-6C42B9B4462D}.Ad-Hoc|iPhoneSimulator.Build.0 = Release|Any CPU
		{23BBC45B-8AB4-4ABA-8D22-6C42B9B4462D}.AppStore|Any CPU.ActiveCfg = Release|Any CPU
		{23BBC45B-8AB4-4ABA-8D22-6C42B9B4462D}.AppStore|Any CPU.Build.0 = Release|Any CPU
		{23BBC45B-8AB4-4ABA-8D22-6C42B9B4462D}.AppStore|iPhone.ActiveCfg = Release|Any CPU
		{23BBC45B-8AB4-4ABA-8D22-6C42B9B4462D}.AppStore|iPhone.Build.0 = Release|Any CPU
		{23BBC45B-8AB4-4ABA-8D22-6C42B9B4462D}.AppStore|iPhoneSimulator.ActiveCfg = Release|Any CPU
		{23BBC45B-8AB4-4ABA-8D22-6C42B9B4462D}.AppStore|iPhoneSimulator.Build.0 = Release|Any CPU
		{23BBC45B-8AB4-4ABA-8D22-6C42B9B4462D}.Debug|Any CPU.ActiveCfg = Release|Any CPU
		{23BBC45B-8AB4-4ABA-8D22-6C42B9B4462D}.Debug|Any CPU.Build.0 = Release|Any CPU
		{23BBC45B-8AB4-4ABA-8D22-6C42B9B4462D}.Debug|iPhone.ActiveCfg = Debug|Any CPU
		{23BBC45B-8AB4-4ABA-8D22-6C42B9B4462D}.Debug|iPhone.Build.0 = Debug|Any CPU
		{23BBC45B-8AB4-4ABA-8D22-6C42B9B4462D}.Debug|iPhoneSimulator.ActiveCfg = Debug|Any CPU
		{23BBC45B-8AB4-4ABA-8D22-6C42B9B4462D}.Debug|iPhoneSimulator.Build.0 = Debug|Any CPU
		{23BBC45B-8AB4-4ABA-8D22-6C42B9B4462D}.Release|Any CPU.ActiveCfg = Release|Any CPU
		{23BBC45B-8AB4-4ABA-8D22-6C42B9B4462D}.Release|Any CPU.Build.0 = Release|Any CPU
		{23BBC45B-8AB4-4ABA-8D22-6C42B9B4462D}.Release|iPhone.ActiveCfg = Release|Any CPU
		{23BBC45B-8AB4-4ABA-8D22-6C42B9B4462D}.Release|iPhone.Build.0 = Release|Any CPU
		{23BBC45B-8AB4-4ABA-8D22-6C42B9B4462D}.Release|iPhoneSimulator.ActiveCfg = Release|Any CPU
		{23BBC45B-8AB4-4ABA-8D22-6C42B9B4462D}.Release|iPhoneSimulator.Build.0 = Release|Any CPU
		{6104DF71-9413-421E-852E-043A73BC89C1}.Ad-Hoc|Any CPU.ActiveCfg = Debug|Any CPU
		{6104DF71-9413-421E-852E-043A73BC89C1}.Ad-Hoc|Any CPU.Build.0 = Debug|Any CPU
		{6104DF71-9413-421E-852E-043A73BC89C1}.Ad-Hoc|Any CPU.Deploy.0 = Debug|Any CPU
		{6104DF71-9413-421E-852E-043A73BC89C1}.Ad-Hoc|iPhone.ActiveCfg = Debug|Any CPU
		{6104DF71-9413-421E-852E-043A73BC89C1}.Ad-Hoc|iPhone.Build.0 = Debug|Any CPU
		{6104DF71-9413-421E-852E-043A73BC89C1}.Ad-Hoc|iPhone.Deploy.0 = Debug|Any CPU
		{6104DF71-9413-421E-852E-043A73BC89C1}.Ad-Hoc|iPhoneSimulator.ActiveCfg = Debug|Any CPU
		{6104DF71-9413-421E-852E-043A73BC89C1}.Ad-Hoc|iPhoneSimulator.Build.0 = Debug|Any CPU
		{6104DF71-9413-421E-852E-043A73BC89C1}.Ad-Hoc|iPhoneSimulator.Deploy.0 = Debug|Any CPU
		{6104DF71-9413-421E-852E-043A73BC89C1}.AppStore|Any CPU.ActiveCfg = Debug|Any CPU
		{6104DF71-9413-421E-852E-043A73BC89C1}.AppStore|Any CPU.Build.0 = Debug|Any CPU
		{6104DF71-9413-421E-852E-043A73BC89C1}.AppStore|Any CPU.Deploy.0 = Debug|Any CPU
		{6104DF71-9413-421E-852E-043A73BC89C1}.AppStore|iPhone.ActiveCfg = Debug|Any CPU
		{6104DF71-9413-421E-852E-043A73BC89C1}.AppStore|iPhone.Build.0 = Debug|Any CPU
		{6104DF71-9413-421E-852E-043A73BC89C1}.AppStore|iPhone.Deploy.0 = Debug|Any CPU
		{6104DF71-9413-421E-852E-043A73BC89C1}.AppStore|iPhoneSimulator.ActiveCfg = Debug|Any CPU
		{6104DF71-9413-421E-852E-043A73BC89C1}.AppStore|iPhoneSimulator.Build.0 = Debug|Any CPU
		{6104DF71-9413-421E-852E-043A73BC89C1}.AppStore|iPhoneSimulator.Deploy.0 = Debug|Any CPU
		{6104DF71-9413-421E-852E-043A73BC89C1}.Debug|Any CPU.ActiveCfg = Release|Any CPU
		{6104DF71-9413-421E-852E-043A73BC89C1}.Debug|Any CPU.Build.0 = Release|Any CPU
		{6104DF71-9413-421E-852E-043A73BC89C1}.Debug|Any CPU.Deploy.0 = Release|Any CPU
		{6104DF71-9413-421E-852E-043A73BC89C1}.Debug|iPhone.ActiveCfg = Debug|Any CPU
		{6104DF71-9413-421E-852E-043A73BC89C1}.Debug|iPhone.Build.0 = Debug|Any CPU
		{6104DF71-9413-421E-852E-043A73BC89C1}.Debug|iPhone.Deploy.0 = Debug|Any CPU
		{6104DF71-9413-421E-852E-043A73BC89C1}.Debug|iPhoneSimulator.ActiveCfg = Debug|Any CPU
		{6104DF71-9413-421E-852E-043A73BC89C1}.Debug|iPhoneSimulator.Build.0 = Debug|Any CPU
		{6104DF71-9413-421E-852E-043A73BC89C1}.Debug|iPhoneSimulator.Deploy.0 = Debug|Any CPU
		{6104DF71-9413-421E-852E-043A73BC89C1}.Release|Any CPU.ActiveCfg = Release|Any CPU
		{6104DF71-9413-421E-852E-043A73BC89C1}.Release|Any CPU.Build.0 = Release|Any CPU
		{6104DF71-9413-421E-852E-043A73BC89C1}.Release|Any CPU.Deploy.0 = Release|Any CPU
		{6104DF71-9413-421E-852E-043A73BC89C1}.Release|iPhone.ActiveCfg = Release|Any CPU
		{6104DF71-9413-421E-852E-043A73BC89C1}.Release|iPhone.Build.0 = Release|Any CPU
		{6104DF71-9413-421E-852E-043A73BC89C1}.Release|iPhone.Deploy.0 = Release|Any CPU
		{6104DF71-9413-421E-852E-043A73BC89C1}.Release|iPhoneSimulator.ActiveCfg = Release|Any CPU
		{6104DF71-9413-421E-852E-043A73BC89C1}.Release|iPhoneSimulator.Build.0 = Release|Any CPU
		{6104DF71-9413-421E-852E-043A73BC89C1}.Release|iPhoneSimulator.Deploy.0 = Release|Any CPU
		{726A2E3D-3A5B-47B1-ABB2-35D7FC835603}.Ad-Hoc|Any CPU.ActiveCfg = Ad-Hoc|iPhoneSimulator
		{726A2E3D-3A5B-47B1-ABB2-35D7FC835603}.Ad-Hoc|iPhone.ActiveCfg = Ad-Hoc|iPhone
		{726A2E3D-3A5B-47B1-ABB2-35D7FC835603}.Ad-Hoc|iPhone.Build.0 = Ad-Hoc|iPhone
		{726A2E3D-3A5B-47B1-ABB2-35D7FC835603}.Ad-Hoc|iPhoneSimulator.ActiveCfg = Ad-Hoc|iPhoneSimulator
		{726A2E3D-3A5B-47B1-ABB2-35D7FC835603}.Ad-Hoc|iPhoneSimulator.Build.0 = Ad-Hoc|iPhoneSimulator
		{726A2E3D-3A5B-47B1-ABB2-35D7FC835603}.AppStore|Any CPU.ActiveCfg = AppStore|iPhoneSimulator
		{726A2E3D-3A5B-47B1-ABB2-35D7FC835603}.AppStore|iPhone.ActiveCfg = AppStore|iPhone
		{726A2E3D-3A5B-47B1-ABB2-35D7FC835603}.AppStore|iPhone.Build.0 = AppStore|iPhone
		{726A2E3D-3A5B-47B1-ABB2-35D7FC835603}.AppStore|iPhoneSimulator.ActiveCfg = AppStore|iPhoneSimulator
		{726A2E3D-3A5B-47B1-ABB2-35D7FC835603}.AppStore|iPhoneSimulator.Build.0 = AppStore|iPhoneSimulator
		{726A2E3D-3A5B-47B1-ABB2-35D7FC835603}.Debug|Any CPU.ActiveCfg = Release|iPhoneSimulator
		{726A2E3D-3A5B-47B1-ABB2-35D7FC835603}.Debug|iPhone.ActiveCfg = Debug|iPhone
		{726A2E3D-3A5B-47B1-ABB2-35D7FC835603}.Debug|iPhone.Build.0 = Debug|iPhone
		{726A2E3D-3A5B-47B1-ABB2-35D7FC835603}.Debug|iPhoneSimulator.ActiveCfg = Debug|iPhoneSimulator
		{726A2E3D-3A5B-47B1-ABB2-35D7FC835603}.Debug|iPhoneSimulator.Build.0 = Debug|iPhoneSimulator
		{726A2E3D-3A5B-47B1-ABB2-35D7FC835603}.Release|Any CPU.ActiveCfg = Release|iPhoneSimulator
		{726A2E3D-3A5B-47B1-ABB2-35D7FC835603}.Release|iPhone.ActiveCfg = Release|iPhone
		{726A2E3D-3A5B-47B1-ABB2-35D7FC835603}.Release|iPhone.Build.0 = Release|iPhone
		{726A2E3D-3A5B-47B1-ABB2-35D7FC835603}.Release|iPhoneSimulator.ActiveCfg = Release|iPhoneSimulator
		{726A2E3D-3A5B-47B1-ABB2-35D7FC835603}.Release|iPhoneSimulator.Build.0 = Release|iPhoneSimulator
		{92627F0D-3321-4358-B380-490964877319}.Ad-Hoc|Any CPU.ActiveCfg = Release|Any CPU
		{92627F0D-3321-4358-B380-490964877319}.Ad-Hoc|Any CPU.Build.0 = Release|Any CPU
		{92627F0D-3321-4358-B380-490964877319}.Ad-Hoc|iPhone.ActiveCfg = Release|Any CPU
		{92627F0D-3321-4358-B380-490964877319}.Ad-Hoc|iPhone.Build.0 = Release|Any CPU
		{92627F0D-3321-4358-B380-490964877319}.Ad-Hoc|iPhoneSimulator.ActiveCfg = Release|Any CPU
		{92627F0D-3321-4358-B380-490964877319}.Ad-Hoc|iPhoneSimulator.Build.0 = Release|Any CPU
		{92627F0D-3321-4358-B380-490964877319}.AppStore|Any CPU.ActiveCfg = Release|Any CPU
		{92627F0D-3321-4358-B380-490964877319}.AppStore|Any CPU.Build.0 = Release|Any CPU
		{92627F0D-3321-4358-B380-490964877319}.AppStore|iPhone.ActiveCfg = Release|Any CPU
		{92627F0D-3321-4358-B380-490964877319}.AppStore|iPhone.Build.0 = Release|Any CPU
		{92627F0D-3321-4358-B380-490964877319}.AppStore|iPhoneSimulator.ActiveCfg = Release|Any CPU
		{92627F0D-3321-4358-B380-490964877319}.AppStore|iPhoneSimulator.Build.0 = Release|Any CPU
		{92627F0D-3321-4358-B380-490964877319}.Debug|Any CPU.ActiveCfg = Debug|Any CPU
		{92627F0D-3321-4358-B380-490964877319}.Debug|Any CPU.Build.0 = Debug|Any CPU
		{92627F0D-3321-4358-B380-490964877319}.Debug|iPhone.ActiveCfg = Debug|Any CPU
		{92627F0D-3321-4358-B380-490964877319}.Debug|iPhone.Build.0 = Debug|Any CPU
		{92627F0D-3321-4358-B380-490964877319}.Debug|iPhoneSimulator.ActiveCfg = Debug|Any CPU
		{92627F0D-3321-4358-B380-490964877319}.Debug|iPhoneSimulator.Build.0 = Debug|Any CPU
		{92627F0D-3321-4358-B380-490964877319}.Release|Any CPU.ActiveCfg = Release|Any CPU
		{92627F0D-3321-4358-B380-490964877319}.Release|Any CPU.Build.0 = Release|Any CPU
		{92627F0D-3321-4358-B380-490964877319}.Release|iPhone.ActiveCfg = Release|Any CPU
		{92627F0D-3321-4358-B380-490964877319}.Release|iPhone.Build.0 = Release|Any CPU
		{92627F0D-3321-4358-B380-490964877319}.Release|iPhoneSimulator.ActiveCfg = Release|Any CPU
		{92627F0D-3321-4358-B380-490964877319}.Release|iPhoneSimulator.Build.0 = Release|Any CPU
	EndGlobalSection
	GlobalSection(SolutionProperties) = preSolution
		HideSolutionNode = FALSE
	EndGlobalSection
	GlobalSection(ExtensibilityGlobals) = postSolution
		SolutionGuid = {AFF72408-D444-43CC-95B5-621C115802B8}
	EndGlobalSection
EndGlobal
